
Microsoft Visual Studio Solution File, Format Version 12.00
# Visual Studio Version 17
VisualStudioVersion = 17.9.34607.119
MinimumVisualStudioVersion = 10.0.40219.1
Project("{FAE04EC0-301F-11D3-BF4B-00C04F79EFBC}") = "MSSharpQL", "MSSharpQL.csproj", "{9609F118-A5EA-4290-B33D-6215FFF49A4B}"
EndProject
Global
	GlobalSection(SolutionConfigurationPlatforms) = preSolution
		Debug|Any CPU = Debug|Any CPU
		Release|Any CPU = Release|Any CPU
	EndGlobalSection
	GlobalSection(ProjectConfigurationPlatforms) = postSolution
		{9609F118-A5EA-4290-B33D-6215FFF49A4B}.Debug|Any CPU.ActiveCfg = Debug|x64
		{9609F118-A5EA-4290-B33D-6215FFF49A4B}.Debug|Any CPU.Build.0 = Debug|x64
		{9609F118-A5EA-4290-B33D-6215FFF49A4B}.Release|Any CPU.ActiveCfg = Release|x64
		{9609F118-A5EA-4290-B33D-6215FFF49A4B}.Release|Any CPU.Build.0 = Release|x64
	EndGlobalSection
	GlobalSection(SolutionProperties) = preSolution
		HideSolutionNode = FALSE
	EndGlobalSection
	GlobalSection(ExtensibilityGlobals) = postSolution
		SolutionGuid = {7134CC8F-0A27-4595-B808-B9892EE83625}
	EndGlobalSection
EndGlobal
